
Microsoft Visual Studio Solution File, Format Version 12.00
# Visual Studio Version 17
VisualStudioVersion = 17.9.34622.214
MinimumVisualStudioVersion = 10.0.40219.1
Project("{FAE04EC0-301F-11D3-BF4B-00C04F79EFBC}") = "AtelierTomato.Calculator", "AtelierTomato.Calculator\AtelierTomato.Calculator.csproj", "{A6120531-4169-4FA2-910D-2D9A69F1FD63}"
EndProject
Project("{FAE04EC0-301F-11D3-BF4B-00C04F79EFBC}") = "AtelierTomato.Calculator.Test", "AtelierTomato.Calculator.Test\AtelierTomato.Calculator.Test.csproj", "{608D7524-504C-4FDC-AACE-618E278933F7}"
EndProject
Global
	GlobalSection(SolutionConfigurationPlatforms) = preSolution
		Debug|Any CPU = Debug|Any CPU
		Release|Any CPU = Release|Any CPU
	EndGlobalSection
	GlobalSection(ProjectConfigurationPlatforms) = postSolution
		{A6120531-4169-4FA2-910D-2D9A69F1FD63}.Debug|Any CPU.ActiveCfg = Debug|Any CPU
		{A6120531-4169-4FA2-910D-2D9A69F1FD63}.Debug|Any CPU.Build.0 = Debug|Any CPU
		{A6120531-4169-4FA2-910D-2D9A69F1FD63}.Release|Any CPU.ActiveCfg = Release|Any CPU
		{A6120531-4169-4FA2-910D-2D9A69F1FD63}.Release|Any CPU.Build.0 = Release|Any CPU
		{608D7524-504C-4FDC-AACE-618E278933F7}.Debug|Any CPU.ActiveCfg = Debug|Any CPU
		{608D7524-504C-4FDC-AACE-618E278933F7}.Debug|Any CPU.Build.0 = Debug|Any CPU
		{608D7524-504C-4FDC-AACE-618E278933F7}.Release|Any CPU.ActiveCfg = Release|Any CPU
		{608D7524-504C-4FDC-AACE-618E278933F7}.Release|Any CPU.Build.0 = Release|Any CPU
	EndGlobalSection
	GlobalSection(SolutionProperties) = preSolution
		HideSolutionNode = FALSE
	EndGlobalSection
	GlobalSection(ExtensibilityGlobals) = postSolution
		SolutionGuid = {4800720C-08AC-4B07-A55E-7115B3602058}
	EndGlobalSection
EndGlobal
